
Microsoft Visual Studio Solution File, Format Version 12.00
# Visual Studio 2013
VisualStudioVersion = 12.0.30501.0
MinimumVisualStudioVersion = 10.0.40219.1
Project("{F2A71F9B-5D33-465A-A702-920D77279786}") = "ComputationExpression", "ComputationExpression\ComputationExpression.fsproj", "{11D7358A-8A24-4B2B-909D-FA08683984CD}"
EndProject
Project("{F2A71F9B-5D33-465A-A702-920D77279786}") = "WebServerBench", "WebServerBench\WebServerBench.fsproj", "{483C49F9-F557-437E-B2E4-06FBDF92DED7}"
EndProject
Project("{F2A71F9B-5D33-465A-A702-920D77279786}") = "Katas", "Katas\Katas.fsproj", "{2AFEE0DB-80B9-4613-91AA-B2F28C5D8EB8}"
EndProject
Global
	GlobalSection(SolutionConfigurationPlatforms) = preSolution
		Debug|Any CPU = Debug|Any CPU
		Release|Any CPU = Release|Any CPU
	EndGlobalSection
	GlobalSection(ProjectConfigurationPlatforms) = postSolution
		{11D7358A-8A24-4B2B-909D-FA08683984CD}.Debug|Any CPU.ActiveCfg = Debug|Any CPU
		{11D7358A-8A24-4B2B-909D-FA08683984CD}.Debug|Any CPU.Build.0 = Debug|Any CPU
		{11D7358A-8A24-4B2B-909D-FA08683984CD}.Release|Any CPU.ActiveCfg = Release|Any CPU
		{11D7358A-8A24-4B2B-909D-FA08683984CD}.Release|Any CPU.Build.0 = Release|Any CPU
		{483C49F9-F557-437E-B2E4-06FBDF92DED7}.Debug|Any CPU.ActiveCfg = Debug|Any CPU
		{483C49F9-F557-437E-B2E4-06FBDF92DED7}.Debug|Any CPU.Build.0 = Debug|Any CPU
		{483C49F9-F557-437E-B2E4-06FBDF92DED7}.Release|Any CPU.ActiveCfg = Release|Any CPU
		{483C49F9-F557-437E-B2E4-06FBDF92DED7}.Release|Any CPU.Build.0 = Release|Any CPU
		{2AFEE0DB-80B9-4613-91AA-B2F28C5D8EB8}.Debug|Any CPU.ActiveCfg = Debug|Any CPU
		{2AFEE0DB-80B9-4613-91AA-B2F28C5D8EB8}.Debug|Any CPU.Build.0 = Debug|Any CPU
		{2AFEE0DB-80B9-4613-91AA-B2F28C5D8EB8}.Release|Any CPU.ActiveCfg = Release|Any CPU
		{2AFEE0DB-80B9-4613-91AA-B2F28C5D8EB8}.Release|Any CPU.Build.0 = Release|Any CPU
	EndGlobalSection
	GlobalSection(SolutionProperties) = preSolution
		HideSolutionNode = FALSE
	EndGlobalSection
EndGlobal
